// !$*UTF8*$!
{
	archiveVersion = 1;
	classes = {
	};
	objectVersion = 50;
	objects = {

/* Begin PBXBuildFile section */
		3187D5DA23D3C7A8003DED84 /* AppDelegate.swift in Sources */ = {isa = PBXBuildFile; fileRef = 3187D5D923D3C7A8003DED84 /* AppDelegate.swift */; };
		3187D5DC23D3C7A8003DED84 /* SceneDelegate.swift in Sources */ = {isa = PBXBuildFile; fileRef = 3187D5DB23D3C7A8003DED84 /* SceneDelegate.swift */; };
		3187D5DE23D3C7A8003DED84 /* ContentView.swift in Sources */ = {isa = PBXBuildFile; fileRef = 3187D5DD23D3C7A8003DED84 /* ContentView.swift */; };
		3187D5E023D3C7AC003DED84 /* Assets.xcassets in Resources */ = {isa = PBXBuildFile; fileRef = 3187D5DF23D3C7AC003DED84 /* Assets.xcassets */; };
		3187D5E323D3C7AC003DED84 /* Preview Assets.xcassets in Resources */ = {isa = PBXBuildFile; fileRef = 3187D5E223D3C7AC003DED84 /* Preview Assets.xcassets */; };
		3187D5E623D3C7AC003DED84 /* LaunchScreen.storyboard in Resources */ = {isa = PBXBuildFile; fileRef = 3187D5E423D3C7AC003DED84 /* LaunchScreen.storyboard */; };
		3187D5F123D3C7AC003DED84 /* myndTests.swift in Sources */ = {isa = PBXBuildFile; fileRef = 3187D5F023D3C7AC003DED84 /* myndTests.swift */; };
		3187D5FC23D3C7AC003DED84 /* myndUITests.swift in Sources */ = {isa = PBXBuildFile; fileRef = 3187D5FB23D3C7AC003DED84 /* myndUITests.swift */; };
		3187D60A23D3C9B6003DED84 /* ViewController.swift in Sources */ = {isa = PBXBuildFile; fileRef = 3187D60923D3C9B6003DED84 /* ViewController.swift */; };
		3187D60C23D3D162003DED84 /* HomeVC.swift in Sources */ = {isa = PBXBuildFile; fileRef = 3187D60B23D3D162003DED84 /* HomeVC.swift */; };
		3187D60E23D3DF4E003DED84 /* Media.xcassets in Resources */ = {isa = PBXBuildFile; fileRef = 3187D60D23D3DF4E003DED84 /* Media.xcassets */; };
		3187D61023D3E0B2003DED84 /* HappyVC.swift in Sources */ = {isa = PBXBuildFile; fileRef = 3187D60F23D3E0B2003DED84 /* HappyVC.swift */; };
		3187D61223D41436003DED84 /* SadVC.swift in Sources */ = {isa = PBXBuildFile; fileRef = 3187D61123D41436003DED84 /* SadVC.swift */; };
		3187D61823D45F6E003DED84 /* AnxiousVC.swift in Sources */ = {isa = PBXBuildFile; fileRef = 3187D61723D45F6E003DED84 /* AnxiousVC.swift */; };
/* End PBXBuildFile section */

/* Begin PBXContainerItemProxy section */
		3187D5ED23D3C7AC003DED84 /* PBXContainerItemProxy */ = {
			isa = PBXContainerItemProxy;
			containerPortal = 3187D5CE23D3C7A8003DED84 /* Project object */;
			proxyType = 1;
			remoteGlobalIDString = 3187D5D523D3C7A8003DED84;
			remoteInfo = mynd;
		};
		3187D5F823D3C7AC003DED84 /* PBXContainerItemProxy */ = {
			isa = PBXContainerItemProxy;
			containerPortal = 3187D5CE23D3C7A8003DED84 /* Project object */;
			proxyType = 1;
			remoteGlobalIDString = 3187D5D523D3C7A8003DED84;
			remoteInfo = mynd;
		};
/* End PBXContainerItemProxy section */

/* Begin PBXFileReference section */
		3187D5D623D3C7A8003DED84 /* my • nd.app */ = {isa = PBXFileReference; explicitFileType = wrapper.application; includeInIndex = 0; path = "my • nd.app"; sourceTree = BUILT_PRODUCTS_DIR; };
		3187D5D923D3C7A8003DED84 /* AppDelegate.swift */ = {isa = PBXFileReference; lastKnownFileType = sourcecode.swift; path = AppDelegate.swift; sourceTree = "<group>"; };
		3187D5DB23D3C7A8003DED84 /* SceneDelegate.swift */ = {isa = PBXFileReference; lastKnownFileType = sourcecode.swift; path = SceneDelegate.swift; sourceTree = "<group>"; };
		3187D5DD23D3C7A8003DED84 /* ContentView.swift */ = {isa = PBXFileReference; lastKnownFileType = sourcecode.swift; path = ContentView.swift; sourceTree = "<group>"; };
		3187D5DF23D3C7AC003DED84 /* Assets.xcassets */ = {isa = PBXFileReference; lastKnownFileType = folder.assetcatalog; path = Assets.xcassets; sourceTree = "<group>"; };
		3187D5E223D3C7AC003DED84 /* Preview Assets.xcassets */ = {isa = PBXFileReference; lastKnownFileType = folder.assetcatalog; path = "Preview Assets.xcassets"; sourceTree = "<group>"; };
		3187D5E523D3C7AC003DED84 /* Base */ = {isa = PBXFileReference; lastKnownFileType = file.storyboard; name = Base; path = Base.lproj/LaunchScreen.storyboard; sourceTree = "<group>"; };
		3187D5E723D3C7AC003DED84 /* Info.plist */ = {isa = PBXFileReference; lastKnownFileType = text.plist.xml; path = Info.plist; sourceTree = "<group>"; };
		3187D5EC23D3C7AC003DED84 /* myndTests.xctest */ = {isa = PBXFileReference; explicitFileType = wrapper.cfbundle; includeInIndex = 0; path = myndTests.xctest; sourceTree = BUILT_PRODUCTS_DIR; };
		3187D5F023D3C7AC003DED84 /* myndTests.swift */ = {isa = PBXFileReference; lastKnownFileType = sourcecode.swift; path = myndTests.swift; sourceTree = "<group>"; };
		3187D5F223D3C7AC003DED84 /* Info.plist */ = {isa = PBXFileReference; lastKnownFileType = text.plist.xml; path = Info.plist; sourceTree = "<group>"; };
		3187D5F723D3C7AC003DED84 /* myndUITests.xctest */ = {isa = PBXFileReference; explicitFileType = wrapper.cfbundle; includeInIndex = 0; path = myndUITests.xctest; sourceTree = BUILT_PRODUCTS_DIR; };
		3187D5FB23D3C7AC003DED84 /* myndUITests.swift */ = {isa = PBXFileReference; lastKnownFileType = sourcecode.swift; path = myndUITests.swift; sourceTree = "<group>"; };
		3187D5FD23D3C7AC003DED84 /* Info.plist */ = {isa = PBXFileReference; lastKnownFileType = text.plist.xml; path = Info.plist; sourceTree = "<group>"; };
		3187D60923D3C9B6003DED84 /* ViewController.swift */ = {isa = PBXFileReference; lastKnownFileType = sourcecode.swift; path = ViewController.swift; sourceTree = "<group>"; };
		3187D60B23D3D162003DED84 /* HomeVC.swift */ = {isa = PBXFileReference; lastKnownFileType = sourcecode.swift; path = HomeVC.swift; sourceTree = "<group>"; };
		3187D60D23D3DF4E003DED84 /* Media.xcassets */ = {isa = PBXFileReference; lastKnownFileType = folder.assetcatalog; path = Media.xcassets; sourceTree = "<group>"; };
		3187D60F23D3E0B2003DED84 /* HappyVC.swift */ = {isa = PBXFileReference; lastKnownFileType = sourcecode.swift; path = HappyVC.swift; sourceTree = "<group>"; };
		3187D61123D41436003DED84 /* SadVC.swift */ = {isa = PBXFileReference; lastKnownFileType = sourcecode.swift; path = SadVC.swift; sourceTree = "<group>"; };
		3187D61723D45F6E003DED84 /* AnxiousVC.swift */ = {isa = PBXFileReference; lastKnownFileType = sourcecode.swift; path = AnxiousVC.swift; sourceTree = "<group>"; };
/* End PBXFileReference section */

/* Begin PBXFrameworksBuildPhase section */
		3187D5D323D3C7A8003DED84 /* Frameworks */ = {
			isa = PBXFrameworksBuildPhase;
			buildActionMask = 2147483647;
			files = (
			);
			runOnlyForDeploymentPostprocessing = 0;
		};
		3187D5E923D3C7AC003DED84 /* Frameworks */ = {
			isa = PBXFrameworksBuildPhase;
			buildActionMask = 2147483647;
			files = (
			);
			runOnlyForDeploymentPostprocessing = 0;
		};
		3187D5F423D3C7AC003DED84 /* Frameworks */ = {
			isa = PBXFrameworksBuildPhase;
			buildActionMask = 2147483647;
			files = (
			);
			runOnlyForDeploymentPostprocessing = 0;
		};
/* End PBXFrameworksBuildPhase section */

/* Begin PBXGroup section */
		3187D5CD23D3C7A8003DED84 = {
			isa = PBXGroup;
			children = (
				3187D5D823D3C7A8003DED84 /* mynd */,
				3187D5EF23D3C7AC003DED84 /* myndTests */,
				3187D5FA23D3C7AC003DED84 /* myndUITests */,
				3187D5D723D3C7A8003DED84 /* Products */,
			);
			sourceTree = "<group>";
		};
		3187D5D723D3C7A8003DED84 /* Products */ = {
			isa = PBXGroup;
			children = (
				3187D5D623D3C7A8003DED84 /* my • nd.app */,
				3187D5EC23D3C7AC003DED84 /* myndTests.xctest */,
				3187D5F723D3C7AC003DED84 /* myndUITests.xctest */,
			);
			name = Products;
			sourceTree = "<group>";
		};
		3187D5D823D3C7A8003DED84 /* mynd */ = {
			isa = PBXGroup;
			children = (
				3187D5D923D3C7A8003DED84 /* AppDelegate.swift */,
				3187D5DB23D3C7A8003DED84 /* SceneDelegate.swift */,
				3187D5DD23D3C7A8003DED84 /* ContentView.swift */,
				3187D60F23D3E0B2003DED84 /* HappyVC.swift */,
				3187D60B23D3D162003DED84 /* HomeVC.swift */,
				3187D61123D41436003DED84 /* SadVC.swift */,
				3187D61723D45F6E003DED84 /* AnxiousVC.swift */,
				3187D5DF23D3C7AC003DED84 /* Assets.xcassets */,
				3187D60D23D3DF4E003DED84 /* Media.xcassets */,
				3187D5E423D3C7AC003DED84 /* LaunchScreen.storyboard */,
				3187D5E723D3C7AC003DED84 /* Info.plist */,
				3187D5E123D3C7AC003DED84 /* Preview Content */,
				3187D60923D3C9B6003DED84 /* ViewController.swift */,
			);
			path = mynd;
			sourceTree = "<group>";
		};
		3187D5E123D3C7AC003DED84 /* Preview Content */ = {
			isa = PBXGroup;
			children = (
				3187D5E223D3C7AC003DED84 /* Preview Assets.xcassets */,
			);
			path = "Preview Content";
			sourceTree = "<group>";
		};
		3187D5EF23D3C7AC003DED84 /* myndTests */ = {
			isa = PBXGroup;
			children = (
				3187D5F023D3C7AC003DED84 /* myndTests.swift */,
				3187D5F223D3C7AC003DED84 /* Info.plist */,
			);
			path = myndTests;
			sourceTree = "<group>";
		};
		3187D5FA23D3C7AC003DED84 /* myndUITests */ = {
			isa = PBXGroup;
			children = (
				3187D5FB23D3C7AC003DED84 /* myndUITests.swift */,
				3187D5FD23D3C7AC003DED84 /* Info.plist */,
			);
			path = myndUITests;
			sourceTree = "<group>";
		};
/* End PBXGroup section */

/* Begin PBXNativeTarget section */
		3187D5D523D3C7A8003DED84 /* mynd */ = {
			isa = PBXNativeTarget;
			buildConfigurationList = 3187D60023D3C7AC003DED84 /* Build configuration list for PBXNativeTarget "mynd" */;
			buildPhases = (
				3187D5D223D3C7A8003DED84 /* Sources */,
				3187D5D323D3C7A8003DED84 /* Frameworks */,
				3187D5D423D3C7A8003DED84 /* Resources */,
			);
			buildRules = (
			);
			dependencies = (
			);
			name = mynd;
			productName = mynd;
			productReference = 3187D5D623D3C7A8003DED84 /* my • nd.app */;
			productType = "com.apple.product-type.application";
		};
		3187D5EB23D3C7AC003DED84 /* myndTests */ = {
			isa = PBXNativeTarget;
			buildConfigurationList = 3187D60323D3C7AC003DED84 /* Build configuration list for PBXNativeTarget "myndTests" */;
			buildPhases = (
				3187D5E823D3C7AC003DED84 /* Sources */,
				3187D5E923D3C7AC003DED84 /* Frameworks */,
				3187D5EA23D3C7AC003DED84 /* Resources */,
			);
			buildRules = (
			);
			dependencies = (
				3187D5EE23D3C7AC003DED84 /* PBXTargetDependency */,
			);
			name = myndTests;
			productName = myndTests;
			productReference = 3187D5EC23D3C7AC003DED84 /* myndTests.xctest */;
			productType = "com.apple.product-type.bundle.unit-test";
		};
		3187D5F623D3C7AC003DED84 /* myndUITests */ = {
			isa = PBXNativeTarget;
			buildConfigurationList = 3187D60623D3C7AC003DED84 /* Build configuration list for PBXNativeTarget "myndUITests" */;
			buildPhases = (
				3187D5F323D3C7AC003DED84 /* Sources */,
				3187D5F423D3C7AC003DED84 /* Frameworks */,
				3187D5F523D3C7AC003DED84 /* Resources */,
			);
			buildRules = (
			);
			dependencies = (
				3187D5F923D3C7AC003DED84 /* PBXTargetDependency */,
			);
			name = myndUITests;
			productName = myndUITests;
			productReference = 3187D5F723D3C7AC003DED84 /* myndUITests.xctest */;
			productType = "com.apple.product-type.bundle.ui-testing";
		};
/* End PBXNativeTarget section */

/* Begin PBXProject section */
		3187D5CE23D3C7A8003DED84 /* Project object */ = {
			isa = PBXProject;
			attributes = {
				LastSwiftUpdateCheck = 1130;
				LastUpgradeCheck = 1130;
				ORGANIZATIONNAME = "Kisharne Vasikaran";
				TargetAttributes = {
					3187D5D523D3C7A8003DED84 = {
						CreatedOnToolsVersion = 11.3.1;
					};
					3187D5EB23D3C7AC003DED84 = {
						CreatedOnToolsVersion = 11.3.1;
						TestTargetID = 3187D5D523D3C7A8003DED84;
					};
					3187D5F623D3C7AC003DED84 = {
						CreatedOnToolsVersion = 11.3.1;
						TestTargetID = 3187D5D523D3C7A8003DED84;
					};
				};
			};
			buildConfigurationList = 3187D5D123D3C7A8003DED84 /* Build configuration list for PBXProject "mynd" */;
			compatibilityVersion = "Xcode 9.3";
			developmentRegion = en;
			hasScannedForEncodings = 0;
			knownRegions = (
				en,
				Base,
			);
			mainGroup = 3187D5CD23D3C7A8003DED84;
			productRefGroup = 3187D5D723D3C7A8003DED84 /* Products */;
			projectDirPath = "";
			projectRoot = "";
			targets = (
				3187D5D523D3C7A8003DED84 /* mynd */,
				3187D5EB23D3C7AC003DED84 /* myndTests */,
				3187D5F623D3C7AC003DED84 /* myndUITests */,
			);
		};
/* End PBXProject section */

/* Begin PBXResourcesBuildPhase section */
		3187D5D423D3C7A8003DED84 /* Resources */ = {
			isa = PBXResourcesBuildPhase;
			buildActionMask = 2147483647;
			files = (
				3187D5E623D3C7AC003DED84 /* LaunchScreen.storyboard in Resources */,
				3187D5E323D3C7AC003DED84 /* Preview Assets.xcassets in Resources */,
				3187D60E23D3DF4E003DED84 /* Media.xcassets in Resources */,
				3187D5E023D3C7AC003DED84 /* Assets.xcassets in Resources */,
			);
			runOnlyForDeploymentPostprocessing = 0;
		};
		3187D5EA23D3C7AC003DED84 /* Resources */ = {
			isa = PBXResourcesBuildPhase;
			buildActionMask = 2147483647;
			files = (
			);
			runOnlyForDeploymentPostprocessing = 0;
		};
		3187D5F523D3C7AC003DED84 /* Resources */ = {
			isa = PBXResourcesBuildPhase;
			buildActionMask = 2147483647;
			files = (
			);
			runOnlyForDeploymentPostprocessing = 0;
		};
/* End PBXResourcesBuildPhase section */

/* Begin PBXSourcesBuildPhase section */
		3187D5D223D3C7A8003DED84 /* Sources */ = {
			isa = PBXSourcesBuildPhase;
			buildActionMask = 2147483647;
			files = (
				3187D5DA23D3C7A8003DED84 /* AppDelegate.swift in Sources */,
				3187D61023D3E0B2003DED84 /* HappyVC.swift in Sources */,
				3187D60C23D3D162003DED84 /* HomeVC.swift in Sources */,
				3187D5DC23D3C7A8003DED84 /* SceneDelegate.swift in Sources */,
				3187D60A23D3C9B6003DED84 /* ViewController.swift in Sources */,
				3187D61223D41436003DED84 /* SadVC.swift in Sources */,
				3187D61823D45F6E003DED84 /* AnxiousVC.swift in Sources */,
				3187D5DE23D3C7A8003DED84 /* ContentView.swift in Sources */,
			);
			runOnlyForDeploymentPostprocessing = 0;
		};
		3187D5E823D3C7AC003DED84 /* Sources */ = {
			isa = PBXSourcesBuildPhase;
			buildActionMask = 2147483647;
			files = (
				3187D5F123D3C7AC003DED84 /* myndTests.swift in Sources */,
			);
			runOnlyForDeploymentPostprocessing = 0;
		};
		3187D5F323D3C7AC003DED84 /* Sources */ = {
			isa = PBXSourcesBuildPhase;
			buildActionMask = 2147483647;
			files = (
				3187D5FC23D3C7AC003DED84 /* myndUITests.swift in Sources */,
			);
			runOnlyForDeploymentPostprocessing = 0;
		};
/* End PBXSourcesBuildPhase section */

/* Begin PBXTargetDependency section */
		3187D5EE23D3C7AC003DED84 /* PBXTargetDependency */ = {
			isa = PBXTargetDependency;
			target = 3187D5D523D3C7A8003DED84 /* mynd */;
			targetProxy = 3187D5ED23D3C7AC003DED84 /* PBXContainerItemProxy */;
		};
		3187D5F923D3C7AC003DED84 /* PBXTargetDependency */ = {
			isa = PBXTargetDependency;
			target = 3187D5D523D3C7A8003DED84 /* mynd */;
			targetProxy = 3187D5F823D3C7AC003DED84 /* PBXContainerItemProxy */;
		};
/* End PBXTargetDependency section */

/* Begin PBXVariantGroup section */
		3187D5E423D3C7AC003DED84 /* LaunchScreen.storyboard */ = {
			isa = PBXVariantGroup;
			children = (
				3187D5E523D3C7AC003DED84 /* Base */,
			);
			name = LaunchScreen.storyboard;
			sourceTree = "<group>";
		};
/* End PBXVariantGroup section */

/* Begin XCBuildConfiguration section */
		3187D5FE23D3C7AC003DED84 /* Debug */ = {
			isa = XCBuildConfiguration;
			buildSettings = {
				ALWAYS_SEARCH_USER_PATHS = NO;
				CLANG_ANALYZER_NONNULL = YES;
				CLANG_ANALYZER_NUMBER_OBJECT_CONVERSION = YES_AGGRESSIVE;
				CLANG_CXX_LANGUAGE_STANDARD = "gnu++14";
				CLANG_CXX_LIBRARY = "libc++";
				CLANG_ENABLE_MODULES = YES;
				CLANG_ENABLE_OBJC_ARC = YES;
				CLANG_ENABLE_OBJC_WEAK = YES;
				CLANG_WARN_BLOCK_CAPTURE_AUTORELEASING = YES;
				CLANG_WARN_BOOL_CONVERSION = YES;
				CLANG_WARN_COMMA = YES;
				CLANG_WARN_CONSTANT_CONVERSION = YES;
				CLANG_WARN_DEPRECATED_OBJC_IMPLEMENTATIONS = YES;
				CLANG_WARN_DIRECT_OBJC_ISA_USAGE = YES_ERROR;
				CLANG_WARN_DOCUMENTATION_COMMENTS = YES;
				CLANG_WARN_EMPTY_BODY = YES;
				CLANG_WARN_ENUM_CONVERSION = YES;
				CLANG_WARN_INFINITE_RECURSION = YES;
				CLANG_WARN_INT_CONVERSION = YES;
				CLANG_WARN_NON_LITERAL_NULL_CONVERSION = YES;
				CLANG_WARN_OBJC_IMPLICIT_RETAIN_SELF = YES;
				CLANG_WARN_OBJC_LITERAL_CONVERSION = YES;
				CLANG_WARN_OBJC_ROOT_CLASS = YES_ERROR;
				CLANG_WARN_RANGE_LOOP_ANALYSIS = YES;
				CLANG_WARN_STRICT_PROTOTYPES = YES;
				CLANG_WARN_SUSPICIOUS_MOVE = YES;
				CLANG_WARN_UNGUARDED_AVAILABILITY = YES_AGGRESSIVE;
				CLANG_WARN_UNREACHABLE_CODE = YES;
				CLANG_WARN__DUPLICATE_METHOD_MATCH = YES;
				COPY_PHASE_STRIP = NO;
				DEBUG_INFORMATION_FORMAT = dwarf;
				ENABLE_STRICT_OBJC_MSGSEND = YES;
				ENABLE_TESTABILITY = YES;
				GCC_C_LANGUAGE_STANDARD = gnu11;
				GCC_DYNAMIC_NO_PIC = NO;
				GCC_NO_COMMON_BLOCKS = YES;
				GCC_OPTIMIZATION_LEVEL = 0;
				GCC_PREPROCESSOR_DEFINITIONS = (
					"DEBUG=1",
					"$(inherited)",
				);
				GCC_WARN_64_TO_32_BIT_CONVERSION = YES;
				GCC_WARN_ABOUT_RETURN_TYPE = YES_ERROR;
				GCC_WARN_UNDECLARED_SELECTOR = YES;
				GCC_WARN_UNINITIALIZED_AUTOS = YES_AGGRESSIVE;
				GCC_WARN_UNUSED_FUNCTION = YES;
				GCC_WARN_UNUSED_VARIABLE = YES;
				IPHONEOS_DEPLOYMENT_TARGET = 13.2;
				MTL_ENABLE_DEBUG_INFO = INCLUDE_SOURCE;
				MTL_FAST_MATH = YES;
				ONLY_ACTIVE_ARCH = YES;
				SDKROOT = iphoneos;
				SWIFT_ACTIVE_COMPILATION_CONDITIONS = DEBUG;
				SWIFT_OPTIMIZATION_LEVEL = "-Onone";
			};
			name = Debug;
		};
		3187D5FF23D3C7AC003DED84 /* Release */ = {
			isa = XCBuildConfiguration;
			buildSettings = {
				ALWAYS_SEARCH_USER_PATHS = NO;
				CLANG_ANALYZER_NONNULL = YES;
				CLANG_ANALYZER_NUMBER_OBJECT_CONVERSION = YES_AGGRESSIVE;
				CLANG_CXX_LANGUAGE_STANDARD = "gnu++14";
				CLANG_CXX_LIBRARY = "libc++";
				CLANG_ENABLE_MODULES = YES;
				CLANG_ENABLE_OBJC_ARC = YES;
				CLANG_ENABLE_OBJC_WEAK = YES;
				CLANG_WARN_BLOCK_CAPTURE_AUTORELEASING = YES;
				CLANG_WARN_BOOL_CONVERSION = YES;
				CLANG_WARN_COMMA = YES;
				CLANG_WARN_CONSTANT_CONVERSION = YES;
				CLANG_WARN_DEPRECATED_OBJC_IMPLEMENTATIONS = YES;
				CLANG_WARN_DIRECT_OBJC_ISA_USAGE = YES_ERROR;
				CLANG_WARN_DOCUMENTATION_COMMENTS = YES;
				CLANG_WARN_EMPTY_BODY = YES;
				CLANG_WARN_ENUM_CONVERSION = YES;
				CLANG_WARN_INFINITE_RECURSION = YES;
				CLANG_WARN_INT_CONVERSION = YES;
				CLANG_WARN_NON_LITERAL_NULL_CONVERSION = YES;
				CLANG_WARN_OBJC_IMPLICIT_RETAIN_SELF = YES;
				CLANG_WARN_OBJC_LITERAL_CONVERSION = YES;
				CLANG_WARN_OBJC_ROOT_CLASS = YES_ERROR;
				CLANG_WARN_RANGE_LOOP_ANALYSIS = YES;
				CLANG_WARN_STRICT_PROTOTYPES = YES;
				CLANG_WARN_SUSPICIOUS_MOVE = YES;
				CLANG_WARN_UNGUARDED_AVAILABILITY = YES_AGGRESSIVE;
				CLANG_WARN_UNREACHABLE_CODE = YES;
				CLANG_WARN__DUPLICATE_METHOD_MATCH = YES;
				COPY_PHASE_STRIP = NO;
				DEBUG_INFORMATION_FORMAT = "dwarf-with-dsym";
				ENABLE_NS_ASSERTIONS = NO;
				ENABLE_STRICT_OBJC_MSGSEND = YES;
				GCC_C_LANGUAGE_STANDARD = gnu11;
				GCC_NO_COMMON_BLOCKS = YES;
				GCC_WARN_64_TO_32_BIT_CONVERSION = YES;
				GCC_WARN_ABOUT_RETURN_TYPE = YES_ERROR;
				GCC_WARN_UNDECLARED_SELECTOR = YES;
				GCC_WARN_UNINITIALIZED_AUTOS = YES_AGGRESSIVE;
				GCC_WARN_UNUSED_FUNCTION = YES;
				GCC_WARN_UNUSED_VARIABLE = YES;
				IPHONEOS_DEPLOYMENT_TARGET = 13.2;
				MTL_ENABLE_DEBUG_INFO = NO;
				MTL_FAST_MATH = YES;
				SDKROOT = iphoneos;
				SWIFT_COMPILATION_MODE = wholemodule;
				SWIFT_OPTIMIZATION_LEVEL = "-O";
				VALIDATE_PRODUCT = YES;
			};
			name = Release;
		};
		3187D60123D3C7AC003DED84 /* Debug */ = {
			isa = XCBuildConfiguration;
			buildSettings = {
				ASSETCATALOG_COMPILER_APPICON_NAME = AppIcon;
				CODE_SIGN_STYLE = Automatic;
				DEVELOPMENT_ASSET_PATHS = "\"mynd/Preview Content\"";
				DEVELOPMENT_TEAM = 2VT5Y7569T;
				ENABLE_PREVIEWS = YES;
				INFOPLIST_FILE = mynd/Info.plist;
				LD_RUNPATH_SEARCH_PATHS = (
					"$(inherited)",
					"@executable_path/Frameworks",
				);
				PRODUCT_BUNDLE_IDENTIFIER = StarterHacks.mynd;
				PRODUCT_NAME = "my • nd";
				SWIFT_VERSION = 5.0;
				TARGETED_DEVICE_FAMILY = "1,2";
			};
			name = Debug;
		};
		3187D60223D3C7AC003DED84 /* Release */ = {
			isa = XCBuildConfiguration;
			buildSettings = {
				ASSETCATALOG_COMPILER_APPICON_NAME = AppIcon;
				CODE_SIGN_STYLE = Automatic;
				DEVELOPMENT_ASSET_PATHS = "\"mynd/Preview Content\"";
				DEVELOPMENT_TEAM = 2VT5Y7569T;
				ENABLE_PREVIEWS = YES;
				INFOPLIST_FILE = mynd/Info.plist;
				LD_RUNPATH_SEARCH_PATHS = (
					"$(inherited)",
					"@executable_path/Frameworks",
				);
				PRODUCT_BUNDLE_IDENTIFIER = StarterHacks.mynd;
				PRODUCT_NAME = "my • nd";
				SWIFT_VERSION = 5.0;
				TARGETED_DEVICE_FAMILY = "1,2";
			};
			name = Release;
		};
		3187D60423D3C7AC003DED84 /* Debug */ = {
			isa = XCBuildConfiguration;
			buildSettings = {
				ALWAYS_EMBED_SWIFT_STANDARD_LIBRARIES = YES;
				BUNDLE_LOADER = "$(TEST_HOST)";
				CODE_SIGN_STYLE = Automatic;
				INFOPLIST_FILE = myndTests/Info.plist;
				IPHONEOS_DEPLOYMENT_TARGET = 13.2;
				LD_RUNPATH_SEARCH_PATHS = (
					"$(inherited)",
					"@executable_path/Frameworks",
					"@loader_path/Frameworks",
				);
				PRODUCT_BUNDLE_IDENTIFIER = StarterHacks.myndTests;
				PRODUCT_NAME = "$(TARGET_NAME)";
				SWIFT_VERSION = 5.0;
				TARGETED_DEVICE_FAMILY = "1,2";
				TEST_HOST = "$(BUILT_PRODUCTS_DIR)/mynd.app/mynd";
			};
			name = Debug;
		};
		3187D60523D3C7AC003DED84 /* Release */ = {
			isa = XCBuildConfiguration;
			buildSettings = {
				ALWAYS_EMBED_SWIFT_STANDARD_LIBRARIES = YES;
				BUNDLE_LOADER = "$(TEST_HOST)";
				CODE_SIGN_STYLE = Automatic;
				INFOPLIST_FILE = myndTests/Info.plist;
				IPHONEOS_DEPLOYMENT_TARGET = 13.2;
				LD_RUNPATH_SEARCH_PATHS = (
					"$(inherited)",
					"@executable_path/Frameworks",
					"@loader_path/Frameworks",
				);
				PRODUCT_BUNDLE_IDENTIFIER = StarterHacks.myndTests;
				PRODUCT_NAME = "$(TARGET_NAME)";
				SWIFT_VERSION = 5.0;
				TARGETED_DEVICE_FAMILY = "1,2";
				TEST_HOST = "$(BUILT_PRODUCTS_DIR)/mynd.app/mynd";
			};
			name = Release;
		};
		3187D60723D3C7AC003DED84 /* Debug */ = {
			isa = XCBuildConfiguration;
			buildSettings = {
				ALWAYS_EMBED_SWIFT_STANDARD_LIBRARIES = YES;
				CODE_SIGN_STYLE = Automatic;
				INFOPLIST_FILE = myndUITests/Info.plist;
				LD_RUNPATH_SEARCH_PATHS = (
					"$(inherited)",
					"@executable_path/Frameworks",
					"@loader_path/Frameworks",
				);
				PRODUCT_BUNDLE_IDENTIFIER = StarterHacks.myndUITests;
				PRODUCT_NAME = "$(TARGET_NAME)";
				SWIFT_VERSION = 5.0;
				TARGETED_DEVICE_FAMILY = "1,2";
				TEST_TARGET_NAME = mynd;
			};
			name = Debug;
		};
		3187D60823D3C7AC003DED84 /* Release */ = {
			isa = XCBuildConfiguration;
			buildSettings = {
				ALWAYS_EMBED_SWIFT_STANDARD_LIBRARIES = YES;
				CODE_SIGN_STYLE = Automatic;
				INFOPLIST_FILE = myndUITests/Info.plist;
				LD_RUNPATH_SEARCH_PATHS = (
					"$(inherited)",
					"@executable_path/Frameworks",
					"@loader_path/Frameworks",
				);
				PRODUCT_BUNDLE_IDENTIFIER = StarterHacks.myndUITests;
				PRODUCT_NAME = "$(TARGET_NAME)";
				SWIFT_VERSION = 5.0;
				TARGETED_DEVICE_FAMILY = "1,2";
				TEST_TARGET_NAME = mynd;
			};
			name = Release;
		};
/* End XCBuildConfiguration section */

/* Begin XCConfigurationList section */
		3187D5D123D3C7A8003DED84 /* Build configuration list for PBXProject "mynd" */ = {
			isa = XCConfigurationList;
			buildConfigurations = (
				3187D5FE23D3C7AC003DED84 /* Debug */,
				3187D5FF23D3C7AC003DED84 /* Release */,
			);
			defaultConfigurationIsVisible = 0;
			defaultConfigurationName = Release;
		};
		3187D60023D3C7AC003DED84 /* Build configuration list for PBXNativeTarget "mynd" */ = {
			isa = XCConfigurationList;
			buildConfigurations = (
				3187D60123D3C7AC003DED84 /* Debug */,
				3187D60223D3C7AC003DED84 /* Release */,
			);
			defaultConfigurationIsVisible = 0;
			defaultConfigurationName = Release;
		};
		3187D60323D3C7AC003DED84 /* Build configuration list for PBXNativeTarget "myndTests" */ = {
			isa = XCConfigurationList;
			buildConfigurations = (
				3187D60423D3C7AC003DED84 /* Debug */,
				3187D60523D3C7AC003DED84 /* Release */,
			);
			defaultConfigurationIsVisible = 0;
			defaultConfigurationName = Release;
		};
		3187D60623D3C7AC003DED84 /* Build configuration list for PBXNativeTarget "myndUITests" */ = {
			isa = XCConfigurationList;
			buildConfigurations = (
				3187D60723D3C7AC003DED84 /* Debug */,
				3187D60823D3C7AC003DED84 /* Release */,
			);
			defaultConfigurationIsVisible = 0;
			defaultConfigurationName = Release;
		};
/* End XCConfigurationList section */
	};
	rootObject = 3187D5CE23D3C7A8003DED84 /* Project object */;
}
